{
  "pins" : [
    {
      "identity" : "jsoncoder",
      "kind" : "remoteSourceControl",
      "location" : "https://github.com/ikok07/JSONCoder.git",
      "state" : {
        "branch" : "main",
        "revision" : "6e4a51f37443cbec204b70dc233723f643157b58"
      }
    },
    {
      "identity" : "realm-core",
      "kind" : "remoteSourceControl",
      "location" : "https://github.com/realm/realm-core.git",
      "state" : {
        "revision" : "a5e87a39cffdcc591f3203c11cfca68100d0b9a6",
        "version" : "13.26.0"
      }
    },
    {
      "identity" : "realm-swift",
      "kind" : "remoteSourceControl",
      "location" : "https://github.com/realm/realm-swift.git",
      "state" : {
        "branch" : "master",
        "revision" : "dfb165eff87906651e552d824fa1973564a498c4"
      }
    },
    {
      "identity" : "swift-macros",
      "kind" : "remoteSourceControl",
      "location" : "https://github.com/bernndr/swift-macros.git",
      "state" : {
        "branch" : "main",
        "revision" : "8fd2a351d337ed22de523795c90a7ffb265261d1"
      }
    },
    {
      "identity" : "swift-syntax",
      "kind" : "remoteSourceControl",
      "location" : "https://github.com/apple/swift-syntax.git",
      "state" : {
        "revision" : "6ad4ea24b01559dde0773e3d091f1b9e36175036",
        "version" : "509.0.2"
      }
    },
    {
      "identity" : "toolchain",
      "kind" : "remoteSourceControl",
      "location" : "https://github.com/ikok07/Toolchain.git",
      "state" : {
        "branch" : "main",
        "revision" : "a0d8e14ce2f8218bce0f6e39d4b3ad9ff314586a"
      }
    }
  ],
  "version" : 2
}
